schema: '2.0'
stages:
  data_ingestion:
    cmd: python src/data/data_ingestion.py
    deps:
    - path: src/data/data_ingestion.py
      hash: md5
      md5: bea2c0dec8dbfcdea81d19b83fbecf55
      size: 3547
    params:
      params.yaml:
        data_ingestion.test_size: 0.3
    outs:
    - path: data/raw
      hash: md5
      md5: 03b3b604b1f92a17191a7fc947e576d6.dir
      size: 827973
      nfiles: 2
  data_preprocessing:
    cmd: python src/data/data_preprocessing.py
    deps:
    - path: data/raw
      hash: md5
      md5: 03b3b604b1f92a17191a7fc947e576d6.dir
      size: 827973
      nfiles: 2
    - path: src/data/data_preprocessing.py
      hash: md5
      md5: eb4ee690d23d660c8d621134581242c0
      size: 4016
    outs:
    - path: data/interim
      hash: md5
      md5: 5dc0cd6aef8578eb36f1b67dc4d67723.dir
      size: 566210
      nfiles: 2
  feature_engineering:
    cmd: python src/features/feature_engineering.py
    deps:
    - path: data/interim
      hash: md5
      md5: 5dc0cd6aef8578eb36f1b67dc4d67723.dir
      size: 566210
      nfiles: 2
    - path: src/features/feature_engineering.py
      hash: md5
      md5: 5187efca35defa06dc4e9f474b915bdb
      size: 3787
    params:
      params.yaml:
        feature_engineering.max_features: 38
    outs:
    - path: data/processed
      hash: md5
      md5: 12731bf4275723463413caa8ae472e65.dir
      size: 1782106
      nfiles: 2
  model_building:
    cmd: python src/model/model_building.py
    deps:
    - path: data/processed
      hash: md5
      md5: 12731bf4275723463413caa8ae472e65.dir
      size: 1782106
      nfiles: 2
    - path: src/model/model_building.py
      hash: md5
      md5: b2a384dad4c5b3554e5ca275df2df9d9
      size: 3451
    params:
      params.yaml:
        model_building.learning_rate: 0.1
        model_building.n_estimators: 26
    outs:
    - path: models/model.pkl
      hash: md5
      md5: 04f80fdaefcd9aba4b14bd8c55582119
      size: 37584
  model_evaluation:
    cmd: python src/model/model_evaluation.py
    deps:
    - path: models/model.pkl
      hash: md5
      md5: 04f80fdaefcd9aba4b14bd8c55582119
      size: 37584
    - path: src/model/model_evaluation.py
      hash: md5
      md5: cac7ae8ff92af70226d100018e3c6732
      size: 4034
    outs:
    - path: reports/metrics.json
      hash: md5
      md5: f5be649766181a8c0370f64e92e6477d
      size: 146
